
Microsoft Visual Studio Solution File, Format Version 12.00
# Visual Studio Version 16
VisualStudioVersion = 16.0.30804.86
MinimumVisualStudioVersion = 10.0.40219.1
Project("{9A19103F-16F7-4668-BE54-9A1E7A4F7556}") = "AccumulateSDK", "AccumulateSDK\AccumulateSDK.csproj", "{3D733847-FE03-450D-90A1-27A16F56AFB2}"
EndProject
Project("{FAE04EC0-301F-11D3-BF4B-00C04F79EFBC}") = "AccumulateSDK.ConsoleTest", "AccumulateSDK.ConsoleTest\AccumulateSDK.ConsoleTest.csproj", "{D9BD224F-7A7A-42AC-A55D-7A2C385FCB56}"
EndProject
Global
	GlobalSection(SolutionConfigurationPlatforms) = preSolution
		Debug|Any CPU = Debug|Any CPU
		Release|Any CPU = Release|Any CPU
	EndGlobalSection
	GlobalSection(ProjectConfigurationPlatforms) = postSolution
		{3D733847-FE03-450D-90A1-27A16F56AFB2}.Debug|Any CPU.ActiveCfg = Debug|Any CPU
		{3D733847-FE03-450D-90A1-27A16F56AFB2}.Debug|Any CPU.Build.0 = Debug|Any CPU
		{3D733847-FE03-450D-90A1-27A16F56AFB2}.Release|Any CPU.ActiveCfg = Release|Any CPU
		{3D733847-FE03-450D-90A1-27A16F56AFB2}.Release|Any CPU.Build.0 = Release|Any CPU
		{D9BD224F-7A7A-42AC-A55D-7A2C385FCB56}.Debug|Any CPU.ActiveCfg = Debug|Any CPU
		{D9BD224F-7A7A-42AC-A55D-7A2C385FCB56}.Debug|Any CPU.Build.0 = Debug|Any CPU
		{D9BD224F-7A7A-42AC-A55D-7A2C385FCB56}.Release|Any CPU.ActiveCfg = Release|Any CPU
		{D9BD224F-7A7A-42AC-A55D-7A2C385FCB56}.Release|Any CPU.Build.0 = Release|Any CPU
	EndGlobalSection
	GlobalSection(SolutionProperties) = preSolution
		HideSolutionNode = FALSE
	EndGlobalSection
	GlobalSection(ExtensibilityGlobals) = postSolution
		SolutionGuid = {3BF23C35-3631-4D16-BFD6-F41245A0794D}
	EndGlobalSection
EndGlobal
